{
  "name": "renovate-testing-repo",
  "version": "1.0.0",
  "lockfileVersion": 3,
  "requires": true,
  "packages": {
    "": {
      "name": "renovate-testing-repo",
      "version": "1.0.0",
      "license": "ISC",
      "dependencies": {
        "container-images": "^1.0.0"
      }
    },
    "node_modules/@antfu/utils": {
      "version": "0.7.4",
      "resolved": "https://registry.npmjs.org/@antfu/utils/-/utils-0.7.4.tgz",
      "integrity": "sha512-qe8Nmh9rYI/HIspLSTwtbMFPj6dISG6+dJnOguTlPNXtCvS2uezdxscVBb7/3DrmNbQK49TDqpkSQ1chbRGdpQ==",
      "funding": {
        "url": "https://github.com/sponsors/antfu"
      }
    },
    "node_modules/container-images": {
      "version": "1.0.0",
      "resolved": "https://registry.npmjs.org/container-images/-/container-images-1.0.0.tgz",
      "integrity": "sha512-1il61sTPbeHeQN391PxDY7AtK0KHTV2ueEkD7F5sA6mYw5zS7xIAOhdU5CuVXeTujk2Z3d7YKES5Fbod2YuVDQ==",
      "dependencies": {
        "@antfu/utils": "^0.7.2"
      }
    }
  }
}
